
Microsoft Visual Studio Solution File, Format Version 12.00
# Visual Studio Version 17
VisualStudioVersion = 17.4.33205.214
MinimumVisualStudioVersion = 10.0.40219.1
Project("{9A19103F-16F7-4668-BE54-9A1E7A4F7556}") = "Cole.Extensions.Configuration.Yaml", "src\Cole.Extensions.Configuration.Yaml\Cole.Extensions.Configuration.Yaml.csproj", "{5123153A-A760-4C67-82A3-C8BBC40681A6}"
EndProject
Project("{2150E333-8FDC-42A3-9474-1A3956D46DE8}") = "src", "src", "{25161993-CDB6-4775-BA70-152D18319DFC}"
EndProject
Project("{2150E333-8FDC-42A3-9474-1A3956D46DE8}") = "test", "test", "{CF460DD1-ADC0-4CBC-AC5F-8D0214B7A70E}"
EndProject
Project("{FAE04EC0-301F-11D3-BF4B-00C04F79EFBC}") = "Cole.Extensions.Configuration.Yaml.Test", "test\Cole.Extensions.Configuration.Yaml.Test\Cole.Extensions.Configuration.Yaml.Test.csproj", "{02EF409B-0BF7-4D3A-905D-8F2FC87477AE}"
EndProject
Global
	GlobalSection(SolutionConfigurationPlatforms) = preSolution
		Debug|Any CPU = Debug|Any CPU
		Release|Any CPU = Release|Any CPU
	EndGlobalSection
	GlobalSection(ProjectConfigurationPlatforms) = postSolution
		{5123153A-A760-4C67-82A3-C8BBC40681A6}.Debug|Any CPU.ActiveCfg = Debug|Any CPU
		{5123153A-A760-4C67-82A3-C8BBC40681A6}.Debug|Any CPU.Build.0 = Debug|Any CPU
		{5123153A-A760-4C67-82A3-C8BBC40681A6}.Release|Any CPU.ActiveCfg = Release|Any CPU
		{5123153A-A760-4C67-82A3-C8BBC40681A6}.Release|Any CPU.Build.0 = Release|Any CPU
		{02EF409B-0BF7-4D3A-905D-8F2FC87477AE}.Debug|Any CPU.ActiveCfg = Debug|Any CPU
		{02EF409B-0BF7-4D3A-905D-8F2FC87477AE}.Debug|Any CPU.Build.0 = Debug|Any CPU
		{02EF409B-0BF7-4D3A-905D-8F2FC87477AE}.Release|Any CPU.ActiveCfg = Release|Any CPU
		{02EF409B-0BF7-4D3A-905D-8F2FC87477AE}.Release|Any CPU.Build.0 = Release|Any CPU
	EndGlobalSection
	GlobalSection(SolutionProperties) = preSolution
		HideSolutionNode = FALSE
	EndGlobalSection
	GlobalSection(NestedProjects) = preSolution
		{5123153A-A760-4C67-82A3-C8BBC40681A6} = {25161993-CDB6-4775-BA70-152D18319DFC}
		{02EF409B-0BF7-4D3A-905D-8F2FC87477AE} = {CF460DD1-ADC0-4CBC-AC5F-8D0214B7A70E}
	EndGlobalSection
	GlobalSection(ExtensibilityGlobals) = postSolution
		SolutionGuid = {066FE327-D2BC-46D7-9C06-9EB252E824E8}
	EndGlobalSection
EndGlobal
